// !$*UTF8*$!
{
	archiveVersion = 1;
	classes = {
	};
	objectVersion = 55;
	objects = {

/* Begin PBXBuildFile section */
		2D24592B28871C6500903C12 /* AppDelegate.swift in Sources */ = {isa = PBXBuildFile; fileRef = 2D24592A28871C6500903C12 /* AppDelegate.swift */; };
		2D24592D28871C6500903C12 /* SceneDelegate.swift in Sources */ = {isa = PBXBuildFile; fileRef = 2D24592C28871C6500903C12 /* SceneDelegate.swift */; };
		2D24592F28871C6500903C12 /* ViewController.swift in Sources */ = {isa = PBXBuildFile; fileRef = 2D24592E28871C6500903C12 /* ViewController.swift */; };
		2D24593228871C6500903C12 /* Main.storyboard in Resources */ = {isa = PBXBuildFile; fileRef = 2D24593028871C6500903C12 /* Main.storyboard */; };
		2D24593428871C6600903C12 /* Assets.xcassets in Resources */ = {isa = PBXBuildFile; fileRef = 2D24593328871C6600903C12 /* Assets.xcassets */; };
		2D24593728871C6600903C12 /* LaunchScreen.storyboard in Resources */ = {isa = PBXBuildFile; fileRef = 2D24593528871C6600903C12 /* LaunchScreen.storyboard */; };
		2D2CB8C82899EE420079B879 /* SetCell.swift in Sources */ = {isa = PBXBuildFile; fileRef = 2D2CB8C62899EE420079B879 /* SetCell.swift */; };
		2D2CB8C92899EE420079B879 /* SetCell.xib in Resources */ = {isa = PBXBuildFile; fileRef = 2D2CB8C72899EE420079B879 /* SetCell.xib */; };
		2D45E19F2891EE69000B4B9C /* best072722.mlmodel in Sources */ = {isa = PBXBuildFile; fileRef = 2D45E19E2891EE69000B4B9C /* best072722.mlmodel */; };
		2D8338532890B369000F877B /* yolov5swnms.mlmodel in Sources */ = {isa = PBXBuildFile; fileRef = 2D8338522890B369000F877B /* yolov5swnms.mlmodel */; };
		2DA425DF2891D57300E18013 /* SetCard.swift in Sources */ = {isa = PBXBuildFile; fileRef = 2DA425DE2891D57300E18013 /* SetCard.swift */; };
		2DA425E12891D71B00E18013 /* Constants.swift in Sources */ = {isa = PBXBuildFile; fileRef = 2DA425E02891D71B00E18013 /* Constants.swift */; };
		2DA425E32891D8B300E18013 /* SetSolver.swift in Sources */ = {isa = PBXBuildFile; fileRef = 2DA425E22891D8B300E18013 /* SetSolver.swift */; };
		82B59BB043A445A18C1143C4 /* Pods_SetCardDetector.framework in Frameworks */ = {isa = PBXBuildFile; fileRef = 7BA14ECFF0E1D0840C8CCAC2 /* Pods_SetCardDetector.framework */; };
/* End PBXBuildFile section */

/* Begin PBXFileReference section */
		2D24592728871C6500903C12 /* SetCardDetector.app */ = {isa = PBXFileReference; explicitFileType = wrapper.application; includeInIndex = 0; path = SetCardDetector.app; sourceTree = BUILT_PRODUCTS_DIR; };
		2D24592A28871C6500903C12 /* AppDelegate.swift */ = {isa = PBXFileReference; lastKnownFileType = sourcecode.swift; path = AppDelegate.swift; sourceTree = "<group>"; };
		2D24592C28871C6500903C12 /* SceneDelegate.swift */ = {isa = PBXFileReference; lastKnownFileType = sourcecode.swift; path = SceneDelegate.swift; sourceTree = "<group>"; };
		2D24592E28871C6500903C12 /* ViewController.swift */ = {isa = PBXFileReference; lastKnownFileType = sourcecode.swift; path = ViewController.swift; sourceTree = "<group>"; };
		2D24593128871C6500903C12 /* Base */ = {isa = PBXFileReference; lastKnownFileType = file.storyboard; name = Base; path = Base.lproj/Main.storyboard; sourceTree = "<group>"; };
		2D24593328871C6600903C12 /* Assets.xcassets */ = {isa = PBXFileReference; lastKnownFileType = folder.assetcatalog; path = Assets.xcassets; sourceTree = "<group>"; };
		2D24593628871C6600903C12 /* Base */ = {isa = PBXFileReference; lastKnownFileType = file.storyboard; name = Base; path = Base.lproj/LaunchScreen.storyboard; sourceTree = "<group>"; };
		2D24593828871C6600903C12 /* Info.plist */ = {isa = PBXFileReference; lastKnownFileType = text.plist.xml; path = Info.plist; sourceTree = "<group>"; };
		2D2CB8C62899EE420079B879 /* SetCell.swift */ = {isa = PBXFileReference; lastKnownFileType = sourcecode.swift; path = SetCell.swift; sourceTree = "<group>"; };
		2D2CB8C72899EE420079B879 /* SetCell.xib */ = {isa = PBXFileReference; lastKnownFileType = file.xib; path = SetCell.xib; sourceTree = "<group>"; };
		2D45E19E2891EE69000B4B9C /* best072722.mlmodel */ = {isa = PBXFileReference; lastKnownFileType = file.mlmodel; name = best072722.mlmodel; path = ../../../../Downloads/best072722.mlmodel; sourceTree = "<group>"; };
		2D8338522890B369000F877B /* yolov5swnms.mlmodel */ = {isa = PBXFileReference; lastKnownFileType = file.mlmodel; path = yolov5swnms.mlmodel; sourceTree = "<group>"; };
		2DA425DE2891D57300E18013 /* SetCard.swift */ = {isa = PBXFileReference; lastKnownFileType = sourcecode.swift; path = SetCard.swift; sourceTree = "<group>"; };
		2DA425E02891D71B00E18013 /* Constants.swift */ = {isa = PBXFileReference; lastKnownFileType = sourcecode.swift; path = Constants.swift; sourceTree = "<group>"; };
		2DA425E22891D8B300E18013 /* SetSolver.swift */ = {isa = PBXFileReference; lastKnownFileType = sourcecode.swift; path = SetSolver.swift; sourceTree = "<group>"; };
		7BA14ECFF0E1D0840C8CCAC2 /* Pods_SetCardDetector.framework */ = {isa = PBXFileReference; explicitFileType = wrapper.framework; includeInIndex = 0; path = Pods_SetCardDetector.framework; sourceTree = BUILT_PRODUCTS_DIR; };
		A4D53704431C589270192B4E /* Pods-SetCardDetector.release.xcconfig */ = {isa = PBXFileReference; includeInIndex = 1; lastKnownFileType = text.xcconfig; name = "Pods-SetCardDetector.release.xcconfig"; path = "Target Support Files/Pods-SetCardDetector/Pods-SetCardDetector.release.xcconfig"; sourceTree = "<group>"; };
		EC079E24A68903F991C2B96A /* Pods-SetCardDetector.debug.xcconfig */ = {isa = PBXFileReference; includeInIndex = 1; lastKnownFileType = text.xcconfig; name = "Pods-SetCardDetector.debug.xcconfig"; path = "Target Support Files/Pods-SetCardDetector/Pods-SetCardDetector.debug.xcconfig"; sourceTree = "<group>"; };
/* End PBXFileReference section */

/* Begin PBXFrameworksBuildPhase section */
		2D24592428871C6500903C12 /* Frameworks */ = {
			isa = PBXFrameworksBuildPhase;
			buildActionMask = 2147483647;
			files = (
				82B59BB043A445A18C1143C4 /* Pods_SetCardDetector.framework in Frameworks */,
			);
			runOnlyForDeploymentPostprocessing = 0;
		};
/* End PBXFrameworksBuildPhase section */

/* Begin PBXGroup section */
		2D24591E28871C6500903C12 = {
			isa = PBXGroup;
			children = (
				2D24592928871C6500903C12 /* SetCardDetector */,
				2D24592828871C6500903C12 /* Products */,
				A18A445DE40361B10AFF2592 /* Pods */,
				BC7DD7CDA839E77B2FFA6183 /* Frameworks */,
			);
			sourceTree = "<group>";
		};
		2D24592828871C6500903C12 /* Products */ = {
			isa = PBXGroup;
			children = (
				2D24592728871C6500903C12 /* SetCardDetector.app */,
			);
			name = Products;
			sourceTree = "<group>";
		};
		2D24592928871C6500903C12 /* SetCardDetector */ = {
			isa = PBXGroup;
			children = (
				2DA425D92891219200E18013 /* Models */,
				2D24592A28871C6500903C12 /* AppDelegate.swift */,
				2D24592C28871C6500903C12 /* SceneDelegate.swift */,
				2D83383A288F9A5C000F877B /* Views */,
				2D833839288F9A43000F877B /* Controllers */,
				2D24593328871C6600903C12 /* Assets.xcassets */,
				2D24593828871C6600903C12 /* Info.plist */,
				2D8338522890B369000F877B /* yolov5swnms.mlmodel */,
				2D45E19E2891EE69000B4B9C /* best072722.mlmodel */,
			);
			path = SetCardDetector;
			sourceTree = "<group>";
		};
		2D833839288F9A43000F877B /* Controllers */ = {
			isa = PBXGroup;
			children = (
				2D24592E28871C6500903C12 /* ViewController.swift */,
			);
			name = Controllers;
			sourceTree = "<group>";
		};
		2D83383A288F9A5C000F877B /* Views */ = {
			isa = PBXGroup;
			children = (
				2D2CB8C62899EE420079B879 /* SetCell.swift */,
				2D2CB8C72899EE420079B879 /* SetCell.xib */,
				2D24593028871C6500903C12 /* Main.storyboard */,
				2D24593528871C6600903C12 /* LaunchScreen.storyboard */,
			);
			name = Views;
			sourceTree = "<group>";
		};
		2DA425D92891219200E18013 /* Models */ = {
			isa = PBXGroup;
			children = (
				2DA425DE2891D57300E18013 /* SetCard.swift */,
				2DA425E02891D71B00E18013 /* Constants.swift */,
				2DA425E22891D8B300E18013 /* SetSolver.swift */,
			);
			name = Models;
			sourceTree = "<group>";
		};
		A18A445DE40361B10AFF2592 /* Pods */ = {
			isa = PBXGroup;
			children = (
				EC079E24A68903F991C2B96A /* Pods-SetCardDetector.debug.xcconfig */,
				A4D53704431C589270192B4E /* Pods-SetCardDetector.release.xcconfig */,
			);
			path = Pods;
			sourceTree = "<group>";
		};
		BC7DD7CDA839E77B2FFA6183 /* Frameworks */ = {
			isa = PBXGroup;
			children = (
				7BA14ECFF0E1D0840C8CCAC2 /* Pods_SetCardDetector.framework */,
			);
			name = Frameworks;
			sourceTree = "<group>";
		};
/* End PBXGroup section */

/* Begin PBXNativeTarget section */
		2D24592628871C6500903C12 /* SetCardDetector */ = {
			isa = PBXNativeTarget;
			buildConfigurationList = 2D24593B28871C6600903C12 /* Build configuration list for PBXNativeTarget "SetCardDetector" */;
			buildPhases = (
				066C2F0014CB3464775D4FBD /* [CP] Check Pods Manifest.lock */,
				2D24592328871C6500903C12 /* Sources */,
				2D24592428871C6500903C12 /* Frameworks */,
				2D24592528871C6500903C12 /* Resources */,
			);
			buildRules = (
			);
			dependencies = (
			);
			name = SetCardDetector;
			productName = SetCardDetector;
			productReference = 2D24592728871C6500903C12 /* SetCardDetector.app */;
			productType = "com.apple.product-type.application";
		};
/* End PBXNativeTarget section */

/* Begin PBXProject section */
		2D24591F28871C6500903C12 /* Project object */ = {
			isa = PBXProject;
			attributes = {
				BuildIndependentTargetsInParallel = 1;
				LastSwiftUpdateCheck = 1310;
				LastUpgradeCheck = 1310;
				TargetAttributes = {
					2D24592628871C6500903C12 = {
						CreatedOnToolsVersion = 13.1;
					};
				};
			};
			buildConfigurationList = 2D24592228871C6500903C12 /* Build configuration list for PBXProject "SetCardDetector" */;
			compatibilityVersion = "Xcode 13.0";
			developmentRegion = en;
			hasScannedForEncodings = 0;
			knownRegions = (
				en,
				Base,
			);
			mainGroup = 2D24591E28871C6500903C12;
			productRefGroup = 2D24592828871C6500903C12 /* Products */;
			projectDirPath = "";
			projectRoot = "";
			targets = (
				2D24592628871C6500903C12 /* SetCardDetector */,
			);
		};
/* End PBXProject section */

/* Begin PBXResourcesBuildPhase section */
		2D24592528871C6500903C12 /* Resources */ = {
			isa = PBXResourcesBuildPhase;
			buildActionMask = 2147483647;
			files = (
				2D2CB8C92899EE420079B879 /* SetCell.xib in Resources */,
				2D24593728871C6600903C12 /* LaunchScreen.storyboard in Resources */,
				2D24593428871C6600903C12 /* Assets.xcassets in Resources */,
				2D24593228871C6500903C12 /* Main.storyboard in Resources */,
			);
			runOnlyForDeploymentPostprocessing = 0;
		};
/* End PBXResourcesBuildPhase section */

/* Begin PBXShellScriptBuildPhase section */
		066C2F0014CB3464775D4FBD /* [CP] Check Pods Manifest.lock */ = {
			isa = PBXShellScriptBuildPhase;
			buildActionMask = 2147483647;
			files = (
			);
			inputFileListPaths = (
			);
			inputPaths = (
				"${PODS_PODFILE_DIR_PATH}/Podfile.lock",
				"${PODS_ROOT}/Manifest.lock",
			);
			name = "[CP] Check Pods Manifest.lock";
			outputFileListPaths = (
			);
			outputPaths = (
				"$(DERIVED_FILE_DIR)/Pods-SetCardDetector-checkManifestLockResult.txt",
			);
			runOnlyForDeploymentPostprocessing = 0;
			shellPath = /bin/sh;
			shellScript = "diff \"${PODS_PODFILE_DIR_PATH}/Podfile.lock\" \"${PODS_ROOT}/Manifest.lock\" > /dev/null\nif [ $? != 0 ] ; then\n    # print error to STDERR\n    echo \"error: The sandbox is not in sync with the Podfile.lock. Run 'pod install' or update your CocoaPods installation.\" >&2\n    exit 1\nfi\n# This output is used by Xcode 'outputs' to avoid re-running this script phase.\necho \"SUCCESS\" > \"${SCRIPT_OUTPUT_FILE_0}\"\n";
			showEnvVarsInLog = 0;
		};
/* End PBXShellScriptBuildPhase section */

/* Begin PBXSourcesBuildPhase section */
		2D24592328871C6500903C12 /* Sources */ = {
			isa = PBXSourcesBuildPhase;
			buildActionMask = 2147483647;
			files = (
				2D8338532890B369000F877B /* yolov5swnms.mlmodel in Sources */,
				2D24592F28871C6500903C12 /* ViewController.swift in Sources */,
				2DA425E32891D8B300E18013 /* SetSolver.swift in Sources */,
				2D24592B28871C6500903C12 /* AppDelegate.swift in Sources */,
				2D45E19F2891EE69000B4B9C /* best072722.mlmodel in Sources */,
				2D24592D28871C6500903C12 /* SceneDelegate.swift in Sources */,
				2DA425DF2891D57300E18013 /* SetCard.swift in Sources */,
				2DA425E12891D71B00E18013 /* Constants.swift in Sources */,
				2D2CB8C82899EE420079B879 /* SetCell.swift in Sources */,
			);
			runOnlyForDeploymentPostprocessing = 0;
		};
/* End PBXSourcesBuildPhase section */

/* Begin PBXVariantGroup section */
		2D24593028871C6500903C12 /* Main.storyboard */ = {
			isa = PBXVariantGroup;
			children = (
				2D24593128871C6500903C12 /* Base */,
			);
			name = Main.storyboard;
			sourceTree = "<group>";
		};
		2D24593528871C6600903C12 /* LaunchScreen.storyboard */ = {
			isa = PBXVariantGroup;
			children = (
				2D24593628871C6600903C12 /* Base */,
			);
			name = LaunchScreen.storyboard;
			sourceTree = "<group>";
		};
/* End PBXVariantGroup section */

/* Begin XCBuildConfiguration section */
		2D24593928871C6600903C12 /* Debug */ = {
			isa = XCBuildConfiguration;
			buildSettings = {
				ALWAYS_SEARCH_USER_PATHS = NO;
				CLANG_ANALYZER_NONNULL = YES;
				CLANG_ANALYZER_NUMBER_OBJECT_CONVERSION = YES_AGGRESSIVE;
				CLANG_CXX_LANGUAGE_STANDARD = "gnu++17";
				CLANG_CXX_LIBRARY = "libc++";
				CLANG_ENABLE_MODULES = YES;
				CLANG_ENABLE_OBJC_ARC = YES;
				CLANG_ENABLE_OBJC_WEAK = YES;
				CLANG_WARN_BLOCK_CAPTURE_AUTORELEASING = YES;
				CLANG_WARN_BOOL_CONVERSION = YES;
				CLANG_WARN_COMMA = YES;
				CLANG_WARN_CONSTANT_CONVERSION = YES;
				CLANG_WARN_DEPRECATED_OBJC_IMPLEMENTATIONS = YES;
				CLANG_WARN_DIRECT_OBJC_ISA_USAGE = YES_ERROR;
				CLANG_WARN_DOCUMENTATION_COMMENTS = YES;
				CLANG_WARN_EMPTY_BODY = YES;
				CLANG_WARN_ENUM_CONVERSION = YES;
				CLANG_WARN_INFINITE_RECURSION = YES;
				CLANG_WARN_INT_CONVERSION = YES;
				CLANG_WARN_NON_LITERAL_NULL_CONVERSION = YES;
				CLANG_WARN_OBJC_IMPLICIT_RETAIN_SELF = YES;
				CLANG_WARN_OBJC_LITERAL_CONVERSION = YES;
				CLANG_WARN_OBJC_ROOT_CLASS = YES_ERROR;
				CLANG_WARN_QUOTED_INCLUDE_IN_FRAMEWORK_HEADER = YES;
				CLANG_WARN_RANGE_LOOP_ANALYSIS = YES;
				CLANG_WARN_STRICT_PROTOTYPES = YES;
				CLANG_WARN_SUSPICIOUS_MOVE = YES;
				CLANG_WARN_UNGUARDED_AVAILABILITY = YES_AGGRESSIVE;
				CLANG_WARN_UNREACHABLE_CODE = YES;
				CLANG_WARN__DUPLICATE_METHOD_MATCH = YES;
				COPY_PHASE_STRIP = NO;
				DEBUG_INFORMATION_FORMAT = dwarf;
				ENABLE_STRICT_OBJC_MSGSEND = YES;
				ENABLE_TESTABILITY = YES;
				GCC_C_LANGUAGE_STANDARD = gnu11;
				GCC_DYNAMIC_NO_PIC = NO;
				GCC_NO_COMMON_BLOCKS = YES;
				GCC_OPTIMIZATION_LEVEL = 0;
				GCC_PREPROCESSOR_DEFINITIONS = (
					"DEBUG=1",
					"$(inherited)",
				);
				GCC_WARN_64_TO_32_BIT_CONVERSION = YES;
				GCC_WARN_ABOUT_RETURN_TYPE = YES_ERROR;
				GCC_WARN_UNDECLARED_SELECTOR = YES;
				GCC_WARN_UNINITIALIZED_AUTOS = YES_AGGRESSIVE;
				GCC_WARN_UNUSED_FUNCTION = YES;
				GCC_WARN_UNUSED_VARIABLE = YES;
				IPHONEOS_DEPLOYMENT_TARGET = 15.0;
				MTL_ENABLE_DEBUG_INFO = INCLUDE_SOURCE;
				MTL_FAST_MATH = YES;
				ONLY_ACTIVE_ARCH = YES;
				SDKROOT = iphoneos;
				SWIFT_ACTIVE_COMPILATION_CONDITIONS = DEBUG;
				SWIFT_OPTIMIZATION_LEVEL = "-Onone";
			};
			name = Debug;
		};
		2D24593A28871C6600903C12 /* Release */ = {
			isa = XCBuildConfiguration;
			buildSettings = {
				ALWAYS_SEARCH_USER_PATHS = NO;
				CLANG_ANALYZER_NONNULL = YES;
				CLANG_ANALYZER_NUMBER_OBJECT_CONVERSION = YES_AGGRESSIVE;
				CLANG_CXX_LANGUAGE_STANDARD = "gnu++17";
				CLANG_CXX_LIBRARY = "libc++";
				CLANG_ENABLE_MODULES = YES;
				CLANG_ENABLE_OBJC_ARC = YES;
				CLANG_ENABLE_OBJC_WEAK = YES;
				CLANG_WARN_BLOCK_CAPTURE_AUTORELEASING = YES;
				CLANG_WARN_BOOL_CONVERSION = YES;
				CLANG_WARN_COMMA = YES;
				CLANG_WARN_CONSTANT_CONVERSION = YES;
				CLANG_WARN_DEPRECATED_OBJC_IMPLEMENTATIONS = YES;
				CLANG_WARN_DIRECT_OBJC_ISA_USAGE = YES_ERROR;
				CLANG_WARN_DOCUMENTATION_COMMENTS = YES;
				CLANG_WARN_EMPTY_BODY = YES;
				CLANG_WARN_ENUM_CONVERSION = YES;
				CLANG_WARN_INFINITE_RECURSION = YES;
				CLANG_WARN_INT_CONVERSION = YES;
				CLANG_WARN_NON_LITERAL_NULL_CONVERSION = YES;
				CLANG_WARN_OBJC_IMPLICIT_RETAIN_SELF = YES;
				CLANG_WARN_OBJC_LITERAL_CONVERSION = YES;
				CLANG_WARN_OBJC_ROOT_CLASS = YES_ERROR;
				CLANG_WARN_QUOTED_INCLUDE_IN_FRAMEWORK_HEADER = YES;
				CLANG_WARN_RANGE_LOOP_ANALYSIS = YES;
				CLANG_WARN_STRICT_PROTOTYPES = YES;
				CLANG_WARN_SUSPICIOUS_MOVE = YES;
				CLANG_WARN_UNGUARDED_AVAILABILITY = YES_AGGRESSIVE;
				CLANG_WARN_UNREACHABLE_CODE = YES;
				CLANG_WARN__DUPLICATE_METHOD_MATCH = YES;
				COPY_PHASE_STRIP = NO;
				DEBUG_INFORMATION_FORMAT = "dwarf-with-dsym";
				ENABLE_NS_ASSERTIONS = NO;
				ENABLE_STRICT_OBJC_MSGSEND = YES;
				GCC_C_LANGUAGE_STANDARD = gnu11;
				GCC_NO_COMMON_BLOCKS = YES;
				GCC_WARN_64_TO_32_BIT_CONVERSION = YES;
				GCC_WARN_ABOUT_RETURN_TYPE = YES_ERROR;
				GCC_WARN_UNDECLARED_SELECTOR = YES;
				GCC_WARN_UNINITIALIZED_AUTOS = YES_AGGRESSIVE;
				GCC_WARN_UNUSED_FUNCTION = YES;
				GCC_WARN_UNUSED_VARIABLE = YES;
				IPHONEOS_DEPLOYMENT_TARGET = 15.0;
				MTL_ENABLE_DEBUG_INFO = NO;
				MTL_FAST_MATH = YES;
				SDKROOT = iphoneos;
				SWIFT_COMPILATION_MODE = wholemodule;
				SWIFT_OPTIMIZATION_LEVEL = "-O";
				VALIDATE_PRODUCT = YES;
			};
			name = Release;
		};
		2D24593C28871C6600903C12 /* Debug */ = {
			isa = XCBuildConfiguration;
			baseConfigurationReference = EC079E24A68903F991C2B96A /* Pods-SetCardDetector.debug.xcconfig */;
			buildSettings = {
				ASSETCATALOG_COMPILER_APPICON_NAME = AppIcon;
				ASSETCATALOG_COMPILER_GLOBAL_ACCENT_COLOR_NAME = AccentColor;
				CODE_SIGN_STYLE = Automatic;
				CURRENT_PROJECT_VERSION = 1;
				DEVELOPMENT_TEAM = 45XXP9WCAT;
				GENERATE_INFOPLIST_FILE = YES;
				INFOPLIST_FILE = SetCardDetector/Info.plist;
				INFOPLIST_KEY_NSCameraUsageDescription = "Allow camera use to take photos.";
				INFOPLIST_KEY_NSPhotoLibraryUsageDescription = "Allow photo library access to choose photos.";
				INFOPLIST_KEY_UIApplicationSupportsIndirectInputEvents = YES;
				INFOPLIST_KEY_UILaunchStoryboardName = LaunchScreen;
				INFOPLIST_KEY_UIMainStoryboardFile = Main;
				INFOPLIST_KEY_UISupportedInterfaceOrientations = UIInterfaceOrientationPortrait;
				INFOPLIST_KEY_UISupportedInterfaceOrientations_iPad = "UIInterfaceOrientationPortrait UIInterfaceOrientationPortraitUpsideDown UIInterfaceOrientationLandscapeLeft UIInterfaceOrientationLandscapeRight";
				INFOPLIST_KEY_UISupportedInterfaceOrientations_iPhone = "UIInterfaceOrientationPortrait UIInterfaceOrientationLandscapeLeft UIInterfaceOrientationLandscapeRight";
				IPHONEOS_DEPLOYMENT_TARGET = 13.0;
				LD_RUNPATH_SEARCH_PATHS = (
					"$(inherited)",
					"@executable_path/Frameworks",
				);
				MARKETING_VERSION = 1.0;
				PRODUCT_BUNDLE_IDENTIFIER = com.gracetang.SetCardDetector;
				PRODUCT_NAME = "$(TARGET_NAME)";
				SWIFT_EMIT_LOC_STRINGS = YES;
				SWIFT_VERSION = 5.0;
				TARGETED_DEVICE_FAMILY = "1,2";
			};
			name = Debug;
		};
		2D24593D28871C6600903C12 /* Release */ = {
			isa = XCBuildConfiguration;
			baseConfigurationReference = A4D53704431C589270192B4E /* Pods-SetCardDetector.release.xcconfig */;
			buildSettings = {
				ASSETCATALOG_COMPILER_APPICON_NAME = AppIcon;
				ASSETCATALOG_COMPILER_GLOBAL_ACCENT_COLOR_NAME = AccentColor;
				CODE_SIGN_STYLE = Automatic;
				CURRENT_PROJECT_VERSION = 1;
				DEVELOPMENT_TEAM = 45XXP9WCAT;
				GENERATE_INFOPLIST_FILE = YES;
				INFOPLIST_FILE = SetCardDetector/Info.plist;
				INFOPLIST_KEY_NSCameraUsageDescription = "Allow camera use to take photos.";
				INFOPLIST_KEY_NSPhotoLibraryUsageDescription = "Allow photo library access to choose photos.";
				INFOPLIST_KEY_UIApplicationSupportsIndirectInputEvents = YES;
				INFOPLIST_KEY_UILaunchStoryboardName = LaunchScreen;
				INFOPLIST_KEY_UIMainStoryboardFile = Main;
				INFOPLIST_KEY_UISupportedInterfaceOrientations = UIInterfaceOrientationPortrait;
				INFOPLIST_KEY_UISupportedInterfaceOrientations_iPad = "UIInterfaceOrientationPortrait UIInterfaceOrientationPortraitUpsideDown UIInterfaceOrientationLandscapeLeft UIInterfaceOrientationLandscapeRight";
				INFOPLIST_KEY_UISupportedInterfaceOrientations_iPhone = "UIInterfaceOrientationPortrait UIInterfaceOrientationLandscapeLeft UIInterfaceOrientationLandscapeRight";
				IPHONEOS_DEPLOYMENT_TARGET = 13.0;
				LD_RUNPATH_SEARCH_PATHS = (
					"$(inherited)",
					"@executable_path/Frameworks",
				);
				MARKETING_VERSION = 1.0;
				PRODUCT_BUNDLE_IDENTIFIER = com.gracetang.SetCardDetector;
				PRODUCT_NAME = "$(TARGET_NAME)";
				SWIFT_EMIT_LOC_STRINGS = YES;
				SWIFT_VERSION = 5.0;
				TARGETED_DEVICE_FAMILY = "1,2";
			};
			name = Release;
		};
/* End XCBuildConfiguration section */

/* Begin XCConfigurationList section */
		2D24592228871C6500903C12 /* Build configuration list for PBXProject "SetCardDetector" */ = {
			isa = XCConfigurationList;
			buildConfigurations = (
				2D24593928871C6600903C12 /* Debug */,
				2D24593A28871C6600903C12 /* Release */,
			);
			defaultConfigurationIsVisible = 0;
			defaultConfigurationName = Release;
		};
		2D24593B28871C6600903C12 /* Build configuration list for PBXNativeTarget "SetCardDetector" */ = {
			isa = XCConfigurationList;
			buildConfigurations = (
				2D24593C28871C6600903C12 /* Debug */,
				2D24593D28871C6600903C12 /* Release */,
			);
			defaultConfigurationIsVisible = 0;
			defaultConfigurationName = Release;
		};
/* End XCConfigurationList section */
	};
	rootObject = 2D24591F28871C6500903C12 /* Project object */;
}
